
Microsoft Visual Studio Solution File, Format Version 12.00
# Visual Studio Version 17
VisualStudioVersion = 17.3.32819.101
MinimumVisualStudioVersion = 10.0.40219.1
Project("{FAE04EC0-301F-11D3-BF4B-00C04F79EFBC}") = "Metoder", "Metoder\Metoder.csproj", "{1A523FC7-BB1B-4443-B36B-60A725FB9398}"
EndProject
Global
	GlobalSection(SolutionConfigurationPlatforms) = preSolution
		Debug|Any CPU = Debug|Any CPU
		Release|Any CPU = Release|Any CPU
	EndGlobalSection
	GlobalSection(ProjectConfigurationPlatforms) = postSolution
		{1A523FC7-BB1B-4443-B36B-60A725FB9398}.Debug|Any CPU.ActiveCfg = Debug|Any CPU
		{1A523FC7-BB1B-4443-B36B-60A725FB9398}.Debug|Any CPU.Build.0 = Debug|Any CPU
		{1A523FC7-BB1B-4443-B36B-60A725FB9398}.Release|Any CPU.ActiveCfg = Release|Any CPU
		{1A523FC7-BB1B-4443-B36B-60A725FB9398}.Release|Any CPU.Build.0 = Release|Any CPU
	EndGlobalSection
	GlobalSection(SolutionProperties) = preSolution
		HideSolutionNode = FALSE
	EndGlobalSection
	GlobalSection(ExtensibilityGlobals) = postSolution
		SolutionGuid = {4CD443D0-2BFF-4618-8A5F-E6A0816E7B16}
	EndGlobalSection
EndGlobal
